{
  "name": "tauri-app",
  "lockfileVersion": 2,
  "requires": true,
  "packages": {
    "": {
      "name": "tauri-app",
      "dependencies": {
        "@tauri-apps/api": "^1.0.0-rc.0"
      },
      "devDependencies": {
        "@tauri-apps/cli": "^1.0.0-rc.0"
      }
    },
    "node_modules/@tauri-apps/api": {
      "version": "1.0.0-rc.0",
      "resolved": "https://registry.npmjs.org/@tauri-apps/api/-/api-1.0.0-rc.0.tgz",
      "integrity": "sha512-BOREst3Nq931RQTqNT5gbBw8E7wpjEr4PhSviAJwIWtKi3KGRxY5TmWyMO4j3kKmsZQQVoZ4dPwI2pQfNJYtKw==",
      "dependencies": {
        "type-fest": "2.11.2"
      },
      "engines": {
        "node": ">= 12.13.0",
        "npm": ">= 6.6.0",
        "yarn": ">= 1.19.1"
      },
      "funding": {
        "type": "opencollective",
        "url": "https://opencollective.com/tauri"
      }
    },
    "node_modules/@tauri-apps/cli": {
      "version": "1.0.0-rc.0",
      "resolved": "https://registry.npmjs.org/@tauri-apps/cli/-/cli-1.0.0-rc.0.tgz",
      "integrity": "sha512-B7jzFSCnwtuukR/9cbrHeAUZVRVwmj38c85kkAq3z1KrgEv0b9LAKKWfUK93e2+DsRMe5y8UCJgCoygn5gMTSg==",
      "dev": true,
      "bin": {
        "tauri": "tauri.js"
      },
      "engines": {
        "node": ">= 10"
      },
      "funding": {
        "type": "opencollective",
        "url": "https://opencollective.com/tauri"
      },
      "optionalDependencies": {
        "@tauri-apps/cli-darwin-arm64": "1.0.0-rc.0",
        "@tauri-apps/cli-darwin-x64": "1.0.0-rc.0",
        "@tauri-apps/cli-linux-arm-gnueabihf": "1.0.0-rc.0",
        "@tauri-apps/cli-linux-arm64-gnu": "1.0.0-rc.0",
        "@tauri-apps/cli-linux-arm64-musl": "1.0.0-rc.0",
        "@tauri-apps/cli-linux-x64-gnu": "1.0.0-rc.0",
        "@tauri-apps/cli-linux-x64-musl": "1.0.0-rc.0",
        "@tauri-apps/cli-win32-x64-msvc": "1.0.0-rc.0"
      }
    },
    "node_modules/@tauri-apps/cli-darwin-arm64": {
      "version": "1.0.0-rc.0",
      "resolved": "https://registry.npmjs.org/@tauri-apps/cli-darwin-arm64/-/cli-darwin-arm64-1.0.0-rc.0.tgz",
      "integrity": "sha512-y8gunadwXVF2AIbjNiLjhd8HQx8zT+RQKxK6/ilngf1oaxG7EqV3cKBdl/A59RA2p+6JZOrg4OYimEGxEIplFQ==",
      "cpu": [
        "arm64"
      ],
      "dev": true,
      "optional": true,
      "os": [
        "darwin"
      ],
      "engines": {
        "node": ">= 10"
      }
    },
    "node_modules/@tauri-apps/cli-darwin-x64": {
      "version": "1.0.0-rc.0",
      "resolved": "https://registry.npmjs.org/@tauri-apps/cli-darwin-x64/-/cli-darwin-x64-1.0.0-rc.0.tgz",
      "integrity": "sha512-nNhuqw+JcGj/cj34ccchMiX6J6j1JaK3tY8Mp2WNNpPx+waqYPRAEocjfOeox543rwnHKIjt0L+gAhbIxAVEkA==",
      "cpu": [
        "x64"
      ],
      "dev": true,
      "optional": true,
      "os": [
        "darwin"
      ],
      "engines": {
        "node": ">= 10"
      }
    },
    "node_modules/@tauri-apps/cli-linux-arm-gnueabihf": {
      "version": "1.0.0-rc.0",
      "resolved": "https://registry.npmjs.org/@tauri-apps/cli-linux-arm-gnueabihf/-/cli-linux-arm-gnueabihf-1.0.0-rc.0.tgz",
      "integrity": "sha512-oyJbDXhnxZo2da8aTiArmqDXGct0hOC86zSnRJ8kbIUFQSf7FTGlcHk3y5NoO02tsfLw8K/HAJMHdygl0dJrTA==",
      "cpu": [
        "arm"
      ],
      "dev": true,
      "optional": true,
      "os": [
        "linux"
      ],
      "engines": {
        "node": ">= 10"
      }
    },
    "node_modules/@tauri-apps/cli-linux-arm64-gnu": {
      "version": "1.0.0-rc.0",
      "resolved": "https://registry.npmjs.org/@tauri-apps/cli-linux-arm64-gnu/-/cli-linux-arm64-gnu-1.0.0-rc.0.tgz",
      "integrity": "sha512-59jWNFb5qZbE6RdTqHkfdb+ODkr3msn/2kMEKjfH0ijAaoUl00DoBmehzLagadzsMT7njeMotgsprPTckpEuQQ==",
      "cpu": [
        "arm64"
      ],
      "dev": true,
      "optional": true,
      "os": [
        "linux"
      ],
      "engines": {
        "node": ">= 10"
      }
    },
    "node_modules/@tauri-apps/cli-linux-arm64-musl": {
      "version": "1.0.0-rc.0",
      "resolved": "https://registry.npmjs.org/@tauri-apps/cli-linux-arm64-musl/-/cli-linux-arm64-musl-1.0.0-rc.0.tgz",
      "integrity": "sha512-cml02YLdjCCfhrHpMvbmdd6FQ3nHBTgavWGke1hRxI6Cq5fXtN+s7Yx9g+giGRBXV0FmFK0fdGXHVxGA4yWkmQ==",
      "cpu": [
        "arm64"
      ],
      "dev": true,
      "optional": true,
      "os": [
        "linux"
      ],
      "engines": {
        "node": ">= 10"
      }
    },
    "node_modules/@tauri-apps/cli-linux-x64-gnu": {
      "version": "1.0.0-rc.0",
      "resolved": "https://registry.npmjs.org/@tauri-apps/cli-linux-x64-gnu/-/cli-linux-x64-gnu-1.0.0-rc.0.tgz",
      "integrity": "sha512-Agm9Ugcd3AWkMg6V4ktI9bRlU8REsSXCoYd+NRNzQ2KsAiJHOU/+Po9q0MnYyOFBHaQXJPQRu0722zqYnsJXiA==",
      "cpu": [
        "x64"
      ],
      "dev": true,
      "optional": true,
      "os": [
        "linux"
      ],
      "engines": {
        "node": ">= 10"
      }
    },
    "node_modules/@tauri-apps/cli-linux-x64-musl": {
      "version": "1.0.0-rc.0",
      "resolved": "https://registry.npmjs.org/@tauri-apps/cli-linux-x64-musl/-/cli-linux-x64-musl-1.0.0-rc.0.tgz",
      "integrity": "sha512-eXIkm/1stskiiRaFYpeiQbrmpaHKwNay8OE8YWAPcOH6PqC9uNqY0shAOwMb0l2LGDnRM94bG/YG8cEFe0Amtw==",
      "cpu": [
        "x64"
      ],
      "dev": true,
      "optional": true,
      "os": [
        "linux"
      ],
      "engines": {
        "node": ">= 10"
      }
    },
    "node_modules/@tauri-apps/cli-win32-x64-msvc": {
      "version": "1.0.0-rc.0",
      "resolved": "https://registry.npmjs.org/@tauri-apps/cli-win32-x64-msvc/-/cli-win32-x64-msvc-1.0.0-rc.0.tgz",
      "integrity": "sha512-v+wWtFeVgStK/JJPV0loNsEHNJW8TJ8mNt9bRQO8lyFYQx/X6iRWtO+Dq/dtXwLB83AbGs0D1JoHPfumpV6TYg==",
      "cpu": [
        "x64"
      ],
      "dev": true,
      "optional": true,
      "os": [
        "win32"
      ],
      "engines": {
        "node": ">= 10"
      }
    },
    "node_modules/type-fest": {
      "version": "2.11.2",
      "resolved": "https://registry.npmjs.org/type-fest/-/type-fest-2.11.2.tgz",
      "integrity": "sha512-reW2Y2Mpn0QNA/5fvtm5doROLwDPu2zOm5RtY7xQQS05Q7xgC8MOZ3yPNaP9m/s/sNjjFQtHo7VCNqYW2iI+Ig==",
      "engines": {
        "node": ">=12.20"
      },
      "funding": {
        "url": "https://github.com/sponsors/sindresorhus"
      }
    }
  },
  "dependencies": {
    "@tauri-apps/api": {
      "version": "1.0.0-rc.0",
      "resolved": "https://registry.npmjs.org/@tauri-apps/api/-/api-1.0.0-rc.0.tgz",
      "integrity": "sha512-BOREst3Nq931RQTqNT5gbBw8E7wpjEr4PhSviAJwIWtKi3KGRxY5TmWyMO4j3kKmsZQQVoZ4dPwI2pQfNJYtKw==",
      "requires": {
        "type-fest": "2.11.2"
      }
    },
    "@tauri-apps/cli": {
      "version": "1.0.0-rc.0",
      "resolved": "https://registry.npmjs.org/@tauri-apps/cli/-/cli-1.0.0-rc.0.tgz",
      "integrity": "sha512-B7jzFSCnwtuukR/9cbrHeAUZVRVwmj38c85kkAq3z1KrgEv0b9LAKKWfUK93e2+DsRMe5y8UCJgCoygn5gMTSg==",
      "dev": true,
      "requires": {
        "@tauri-apps/cli-darwin-arm64": "1.0.0-rc.0",
        "@tauri-apps/cli-darwin-x64": "1.0.0-rc.0",
        "@tauri-apps/cli-linux-arm-gnueabihf": "1.0.0-rc.0",
        "@tauri-apps/cli-linux-arm64-gnu": "1.0.0-rc.0",
        "@tauri-apps/cli-linux-arm64-musl": "1.0.0-rc.0",
        "@tauri-apps/cli-linux-x64-gnu": "1.0.0-rc.0",
        "@tauri-apps/cli-linux-x64-musl": "1.0.0-rc.0",
        "@tauri-apps/cli-win32-x64-msvc": "1.0.0-rc.0"
      }
    },
    "@tauri-apps/cli-darwin-arm64": {
      "version": "1.0.0-rc.0",
      "resolved": "https://registry.npmjs.org/@tauri-apps/cli-darwin-arm64/-/cli-darwin-arm64-1.0.0-rc.0.tgz",
      "integrity": "sha512-y8gunadwXVF2AIbjNiLjhd8HQx8zT+RQKxK6/ilngf1oaxG7EqV3cKBdl/A59RA2p+6JZOrg4OYimEGxEIplFQ==",
      "dev": true,
      "optional": true
    },
    "@tauri-apps/cli-darwin-x64": {
      "version": "1.0.0-rc.0",
      "resolved": "https://registry.npmjs.org/@tauri-apps/cli-darwin-x64/-/cli-darwin-x64-1.0.0-rc.0.tgz",
      "integrity": "sha512-nNhuqw+JcGj/cj34ccchMiX6J6j1JaK3tY8Mp2WNNpPx+waqYPRAEocjfOeox543rwnHKIjt0L+gAhbIxAVEkA==",
      "dev": true,
      "optional": true
    },
    "@tauri-apps/cli-linux-arm-gnueabihf": {
      "version": "1.0.0-rc.0",
      "resolved": "https://registry.npmjs.org/@tauri-apps/cli-linux-arm-gnueabihf/-/cli-linux-arm-gnueabihf-1.0.0-rc.0.tgz",
      "integrity": "sha512-oyJbDXhnxZo2da8aTiArmqDXGct0hOC86zSnRJ8kbIUFQSf7FTGlcHk3y5NoO02tsfLw8K/HAJMHdygl0dJrTA==",
      "dev": true,
      "optional": true
    },
    "@tauri-apps/cli-linux-arm64-gnu": {
      "version": "1.0.0-rc.0",
      "resolved": "https://registry.npmjs.org/@tauri-apps/cli-linux-arm64-gnu/-/cli-linux-arm64-gnu-1.0.0-rc.0.tgz",
      "integrity": "sha512-59jWNFb5qZbE6RdTqHkfdb+ODkr3msn/2kMEKjfH0ijAaoUl00DoBmehzLagadzsMT7njeMotgsprPTckpEuQQ==",
      "dev": true,
      "optional": true
    },
    "@tauri-apps/cli-linux-arm64-musl": {
      "version": "1.0.0-rc.0",
      "resolved": "https://registry.npmjs.org/@tauri-apps/cli-linux-arm64-musl/-/cli-linux-arm64-musl-1.0.0-rc.0.tgz",
      "integrity": "sha512-cml02YLdjCCfhrHpMvbmdd6FQ3nHBTgavWGke1hRxI6Cq5fXtN+s7Yx9g+giGRBXV0FmFK0fdGXHVxGA4yWkmQ==",
      "dev": true,
      "optional": true
    },
    "@tauri-apps/cli-linux-x64-gnu": {
      "version": "1.0.0-rc.0",
      "resolved": "https://registry.npmjs.org/@tauri-apps/cli-linux-x64-gnu/-/cli-linux-x64-gnu-1.0.0-rc.0.tgz",
      "integrity": "sha512-Agm9Ugcd3AWkMg6V4ktI9bRlU8REsSXCoYd+NRNzQ2KsAiJHOU/+Po9q0MnYyOFBHaQXJPQRu0722zqYnsJXiA==",
      "dev": true,
      "optional": true
    },
    "@tauri-apps/cli-linux-x64-musl": {
      "version": "1.0.0-rc.0",
      "resolved": "https://registry.npmjs.org/@tauri-apps/cli-linux-x64-musl/-/cli-linux-x64-musl-1.0.0-rc.0.tgz",
      "integrity": "sha512-eXIkm/1stskiiRaFYpeiQbrmpaHKwNay8OE8YWAPcOH6PqC9uNqY0shAOwMb0l2LGDnRM94bG/YG8cEFe0Amtw==",
      "dev": true,
      "optional": true
    },
    "@tauri-apps/cli-win32-x64-msvc": {
      "version": "1.0.0-rc.0",
      "resolved": "https://registry.npmjs.org/@tauri-apps/cli-win32-x64-msvc/-/cli-win32-x64-msvc-1.0.0-rc.0.tgz",
      "integrity": "sha512-v+wWtFeVgStK/JJPV0loNsEHNJW8TJ8mNt9bRQO8lyFYQx/X6iRWtO+Dq/dtXwLB83AbGs0D1JoHPfumpV6TYg==",
      "dev": true,
      "optional": true
    },
    "type-fest": {
      "version": "2.11.2",
      "resolved": "https://registry.npmjs.org/type-fest/-/type-fest-2.11.2.tgz",
      "integrity": "sha512-reW2Y2Mpn0QNA/5fvtm5doROLwDPu2zOm5RtY7xQQS05Q7xgC8MOZ3yPNaP9m/s/sNjjFQtHo7VCNqYW2iI+Ig=="
    }
  }
}
